// !$*UTF8*$!
{
	archiveVersion = 1;
	classes = {
	};
	objectVersion = 56;
	objects = {

/* Begin PBXBuildFile section */
		0F964C9712EC688A2DEA202E /* Pods_Pokemons_PokemonsUITests.framework in Frameworks */ = {isa = PBXBuildFile; fileRef = 34EE126D8A145024C096D9CE /* Pods_Pokemons_PokemonsUITests.framework */; };
		441E22312C97194B0081192C /* AppDelegate.swift in Sources */ = {isa = PBXBuildFile; fileRef = 441E22302C97194B0081192C /* AppDelegate.swift */; };
		441E22332C97194B0081192C /* SceneDelegate.swift in Sources */ = {isa = PBXBuildFile; fileRef = 441E22322C97194B0081192C /* SceneDelegate.swift */; };
		441E22352C97194B0081192C /* PokemonsViewController.swift in Sources */ = {isa = PBXBuildFile; fileRef = 441E22342C97194B0081192C /* PokemonsViewController.swift */; };
		441E22382C97194B0081192C /* Base in Resources */ = {isa = PBXBuildFile; fileRef = 441E22372C97194B0081192C /* Base */; };
		441E223B2C97194B0081192C /* Pokemons.xcdatamodeld in Sources */ = {isa = PBXBuildFile; fileRef = 441E22392C97194B0081192C /* Pokemons.xcdatamodeld */; };
		441E223D2C97194D0081192C /* Assets.xcassets in Resources */ = {isa = PBXBuildFile; fileRef = 441E223C2C97194D0081192C /* Assets.xcassets */; };
		441E22402C97194D0081192C /* Base in Resources */ = {isa = PBXBuildFile; fileRef = 441E223F2C97194D0081192C /* Base */; };
		441E224B2C97194D0081192C /* PokemonsTests.swift in Sources */ = {isa = PBXBuildFile; fileRef = 441E224A2C97194D0081192C /* PokemonsTests.swift */; };
		441E22552C97194D0081192C /* PokemonsUITests.swift in Sources */ = {isa = PBXBuildFile; fileRef = 441E22542C97194D0081192C /* PokemonsUITests.swift */; };
		441E22572C97194D0081192C /* PokemonsUITestsLaunchTests.swift in Sources */ = {isa = PBXBuildFile; fileRef = 441E22562C97194D0081192C /* PokemonsUITestsLaunchTests.swift */; };
		441E22672C9727210081192C /* PokemonsCell.swift in Sources */ = {isa = PBXBuildFile; fileRef = 441E22662C9727210081192C /* PokemonsCell.swift */; };
		441E227C2C9730FE0081192C /* DescriptionPokemon+CoreDataClass.swift in Sources */ = {isa = PBXBuildFile; fileRef = 441E22762C9730FE0081192C /* DescriptionPokemon+CoreDataClass.swift */; };
		441E227D2C9730FE0081192C /* DescriptionPokemon+CoreDataProperties.swift in Sources */ = {isa = PBXBuildFile; fileRef = 441E22772C9730FE0081192C /* DescriptionPokemon+CoreDataProperties.swift */; };
		441E227E2C9730FE0081192C /* UrlPokemon+CoreDataClass.swift in Sources */ = {isa = PBXBuildFile; fileRef = 441E22782C9730FE0081192C /* UrlPokemon+CoreDataClass.swift */; };
		441E227F2C9730FE0081192C /* UrlPokemon+CoreDataProperties.swift in Sources */ = {isa = PBXBuildFile; fileRef = 441E22792C9730FE0081192C /* UrlPokemon+CoreDataProperties.swift */; };
		441E22802C9730FE0081192C /* ImagePokemon+CoreDataClass.swift in Sources */ = {isa = PBXBuildFile; fileRef = 441E227A2C9730FE0081192C /* ImagePokemon+CoreDataClass.swift */; };
		441E22812C9730FE0081192C /* ImagePokemon+CoreDataProperties.swift in Sources */ = {isa = PBXBuildFile; fileRef = 441E227B2C9730FE0081192C /* ImagePokemon+CoreDataProperties.swift */; };
		441E22832C97310D0081192C /* CoreDateService.swift in Sources */ = {isa = PBXBuildFile; fileRef = 441E22822C97310D0081192C /* CoreDateService.swift */; };
		441E22862C97365E0081192C /* UrlPokemonStruct.swift in Sources */ = {isa = PBXBuildFile; fileRef = 441E22852C97365E0081192C /* UrlPokemonStruct.swift */; };
		441E22882C97366B0081192C /* DecriptionPokemonStruct.swift in Sources */ = {isa = PBXBuildFile; fileRef = 441E22872C97366B0081192C /* DecriptionPokemonStruct.swift */; };
		441E228A2C9736790081192C /* ErrorAPI.swift in Sources */ = {isa = PBXBuildFile; fileRef = 441E22892C9736790081192C /* ErrorAPI.swift */; };
		441E228D2C9737440081192C /* APINamePokemon.swift in Sources */ = {isa = PBXBuildFile; fileRef = 441E228C2C9737440081192C /* APINamePokemon.swift */; };
		441E228F2C97375D0081192C /* APIImage.swift in Sources */ = {isa = PBXBuildFile; fileRef = 441E228E2C97375D0081192C /* APIImage.swift */; };
		441E22912C9737720081192C /* APIDecription.swift in Sources */ = {isa = PBXBuildFile; fileRef = 441E22902C9737720081192C /* APIDecription.swift */; };
		79036AC427C53126175FFA43 /* Pods_Pokemons.framework in Frameworks */ = {isa = PBXBuildFile; fileRef = 69ED1F1377827306B310AB29 /* Pods_Pokemons.framework */; };
		D3A59E2647261A5FA045CCA1 /* Pods_PokemonsTests.framework in Frameworks */ = {isa = PBXBuildFile; fileRef = EA439F55C3B2944823551AF1 /* Pods_PokemonsTests.framework */; };
/* End PBXBuildFile section */

/* Begin PBXContainerItemProxy section */
		441E22472C97194D0081192C /* PBXContainerItemProxy */ = {
			isa = PBXContainerItemProxy;
			containerPortal = 441E22252C97194B0081192C /* Project object */;
			proxyType = 1;
			remoteGlobalIDString = 441E222C2C97194B0081192C;
			remoteInfo = Pokemons;
		};
		441E22512C97194D0081192C /* PBXContainerItemProxy */ = {
			isa = PBXContainerItemProxy;
			containerPortal = 441E22252C97194B0081192C /* Project object */;
			proxyType = 1;
			remoteGlobalIDString = 441E222C2C97194B0081192C;
			remoteInfo = Pokemons;
		};
/* End PBXContainerItemProxy section */

/* Begin PBXFileReference section */
		10F73CB5320F32E0CC0F563D /* Pods-PokemonsTests.debug.xcconfig */ = {isa = PBXFileReference; includeInIndex = 1; lastKnownFileType = text.xcconfig; name = "Pods-PokemonsTests.debug.xcconfig"; path = "Target Support Files/Pods-PokemonsTests/Pods-PokemonsTests.debug.xcconfig"; sourceTree = "<group>"; };
		174D39E044D833FC083BF4A3 /* Pods-Pokemons.debug.xcconfig */ = {isa = PBXFileReference; includeInIndex = 1; lastKnownFileType = text.xcconfig; name = "Pods-Pokemons.debug.xcconfig"; path = "Target Support Files/Pods-Pokemons/Pods-Pokemons.debug.xcconfig"; sourceTree = "<group>"; };
		34EE126D8A145024C096D9CE /* Pods_Pokemons_PokemonsUITests.framework */ = {isa = PBXFileReference; explicitFileType = wrapper.framework; includeInIndex = 0; path = Pods_Pokemons_PokemonsUITests.framework; sourceTree = BUILT_PRODUCTS_DIR; };
		441E222D2C97194B0081192C /* Pokemons.app */ = {isa = PBXFileReference; explicitFileType = wrapper.application; includeInIndex = 0; path = Pokemons.app; sourceTree = BUILT_PRODUCTS_DIR; };
		441E22302C97194B0081192C /* AppDelegate.swift */ = {isa = PBXFileReference; lastKnownFileType = sourcecode.swift; path = AppDelegate.swift; sourceTree = "<group>"; };
		441E22322C97194B0081192C /* SceneDelegate.swift */ = {isa = PBXFileReference; lastKnownFileType = sourcecode.swift; path = SceneDelegate.swift; sourceTree = "<group>"; };
		441E22342C97194B0081192C /* PokemonsViewController.swift */ = {isa = PBXFileReference; lastKnownFileType = sourcecode.swift; path = PokemonsViewController.swift; sourceTree = "<group>"; };
		441E22372C97194B0081192C /* Base */ = {isa = PBXFileReference; lastKnownFileType = file.storyboard; name = Base; path = Base.lproj/Main.storyboard; sourceTree = "<group>"; };
		441E223A2C97194B0081192C /* Pokemons.xcdatamodel */ = {isa = PBXFileReference; lastKnownFileType = wrapper.xcdatamodel; path = Pokemons.xcdatamodel; sourceTree = "<group>"; };
		441E223C2C97194D0081192C /* Assets.xcassets */ = {isa = PBXFileReference; lastKnownFileType = folder.assetcatalog; path = Assets.xcassets; sourceTree = "<group>"; };
		441E223F2C97194D0081192C /* Base */ = {isa = PBXFileReference; lastKnownFileType = file.storyboard; name = Base; path = Base.lproj/LaunchScreen.storyboard; sourceTree = "<group>"; };
		441E22412C97194D0081192C /* Info.plist */ = {isa = PBXFileReference; lastKnownFileType = text.plist.xml; path = Info.plist; sourceTree = "<group>"; };
		441E22462C97194D0081192C /* PokemonsTests.xctest */ = {isa = PBXFileReference; explicitFileType = wrapper.cfbundle; includeInIndex = 0; path = PokemonsTests.xctest; sourceTree = BUILT_PRODUCTS_DIR; };
		441E224A2C97194D0081192C /* PokemonsTests.swift */ = {isa = PBXFileReference; lastKnownFileType = sourcecode.swift; path = PokemonsTests.swift; sourceTree = "<group>"; };
		441E22502C97194D0081192C /* PokemonsUITests.xctest */ = {isa = PBXFileReference; explicitFileType = wrapper.cfbundle; includeInIndex = 0; path = PokemonsUITests.xctest; sourceTree = BUILT_PRODUCTS_DIR; };
		441E22542C97194D0081192C /* PokemonsUITests.swift */ = {isa = PBXFileReference; lastKnownFileType = sourcecode.swift; path = PokemonsUITests.swift; sourceTree = "<group>"; };
		441E22562C97194D0081192C /* PokemonsUITestsLaunchTests.swift */ = {isa = PBXFileReference; lastKnownFileType = sourcecode.swift; path = PokemonsUITestsLaunchTests.swift; sourceTree = "<group>"; };
		441E22662C9727210081192C /* PokemonsCell.swift */ = {isa = PBXFileReference; lastKnownFileType = sourcecode.swift; path = PokemonsCell.swift; sourceTree = "<group>"; };
		441E22762C9730FE0081192C /* DescriptionPokemon+CoreDataClass.swift */ = {isa = PBXFileReference; lastKnownFileType = sourcecode.swift; path = "DescriptionPokemon+CoreDataClass.swift"; sourceTree = "<group>"; };
		441E22772C9730FE0081192C /* DescriptionPokemon+CoreDataProperties.swift */ = {isa = PBXFileReference; lastKnownFileType = sourcecode.swift; path = "DescriptionPokemon+CoreDataProperties.swift"; sourceTree = "<group>"; };
		441E22782C9730FE0081192C /* UrlPokemon+CoreDataClass.swift */ = {isa = PBXFileReference; lastKnownFileType = sourcecode.swift; path = "UrlPokemon+CoreDataClass.swift"; sourceTree = "<group>"; };
		441E22792C9730FE0081192C /* UrlPokemon+CoreDataProperties.swift */ = {isa = PBXFileReference; lastKnownFileType = sourcecode.swift; path = "UrlPokemon+CoreDataProperties.swift"; sourceTree = "<group>"; };
		441E227A2C9730FE0081192C /* ImagePokemon+CoreDataClass.swift */ = {isa = PBXFileReference; lastKnownFileType = sourcecode.swift; path = "ImagePokemon+CoreDataClass.swift"; sourceTree = "<group>"; };
		441E227B2C9730FE0081192C /* ImagePokemon+CoreDataProperties.swift */ = {isa = PBXFileReference; lastKnownFileType = sourcecode.swift; path = "ImagePokemon+CoreDataProperties.swift"; sourceTree = "<group>"; };
		441E22822C97310D0081192C /* CoreDateService.swift */ = {isa = PBXFileReference; lastKnownFileType = sourcecode.swift; path = CoreDateService.swift; sourceTree = "<group>"; };
		441E22852C97365E0081192C /* UrlPokemonStruct.swift */ = {isa = PBXFileReference; lastKnownFileType = sourcecode.swift; path = UrlPokemonStruct.swift; sourceTree = "<group>"; };
		441E22872C97366B0081192C /* DecriptionPokemonStruct.swift */ = {isa = PBXFileReference; lastKnownFileType = sourcecode.swift; path = DecriptionPokemonStruct.swift; sourceTree = "<group>"; };
		441E22892C9736790081192C /* ErrorAPI.swift */ = {isa = PBXFileReference; lastKnownFileType = sourcecode.swift; path = ErrorAPI.swift; sourceTree = "<group>"; };
		441E228C2C9737440081192C /* APINamePokemon.swift */ = {isa = PBXFileReference; lastKnownFileType = sourcecode.swift; path = APINamePokemon.swift; sourceTree = "<group>"; };
		441E228E2C97375D0081192C /* APIImage.swift */ = {isa = PBXFileReference; lastKnownFileType = sourcecode.swift; path = APIImage.swift; sourceTree = "<group>"; };
		441E22902C9737720081192C /* APIDecription.swift */ = {isa = PBXFileReference; lastKnownFileType = sourcecode.swift; path = APIDecription.swift; sourceTree = "<group>"; };
		69ED1F1377827306B310AB29 /* Pods_Pokemons.framework */ = {isa = PBXFileReference; explicitFileType = wrapper.framework; includeInIndex = 0; path = Pods_Pokemons.framework; sourceTree = BUILT_PRODUCTS_DIR; };
		CC819D2CC84CF9E9DCA76C47 /* Pods-Pokemons-PokemonsUITests.release.xcconfig */ = {isa = PBXFileReference; includeInIndex = 1; lastKnownFileType = text.xcconfig; name = "Pods-Pokemons-PokemonsUITests.release.xcconfig"; path = "Target Support Files/Pods-Pokemons-PokemonsUITests/Pods-Pokemons-PokemonsUITests.release.xcconfig"; sourceTree = "<group>"; };
		D8B82AAD94AD9DE76CC7FEFE /* Pods-Pokemons.release.xcconfig */ = {isa = PBXFileReference; includeInIndex = 1; lastKnownFileType = text.xcconfig; name = "Pods-Pokemons.release.xcconfig"; path = "Target Support Files/Pods-Pokemons/Pods-Pokemons.release.xcconfig"; sourceTree = "<group>"; };
		EA439F55C3B2944823551AF1 /* Pods_PokemonsTests.framework */ = {isa = PBXFileReference; explicitFileType = wrapper.framework; includeInIndex = 0; path = Pods_PokemonsTests.framework; sourceTree = BUILT_PRODUCTS_DIR; };
		EED3B3EE22C352F583E30810 /* Pods-Pokemons-PokemonsUITests.debug.xcconfig */ = {isa = PBXFileReference; includeInIndex = 1; lastKnownFileType = text.xcconfig; name = "Pods-Pokemons-PokemonsUITests.debug.xcconfig"; path = "Target Support Files/Pods-Pokemons-PokemonsUITests/Pods-Pokemons-PokemonsUITests.debug.xcconfig"; sourceTree = "<group>"; };
		F61264C677BBABB994DCC68E /* Pods-PokemonsTests.release.xcconfig */ = {isa = PBXFileReference; includeInIndex = 1; lastKnownFileType = text.xcconfig; name = "Pods-PokemonsTests.release.xcconfig"; path = "Target Support Files/Pods-PokemonsTests/Pods-PokemonsTests.release.xcconfig"; sourceTree = "<group>"; };
/* End PBXFileReference section */

/* Begin PBXFrameworksBuildPhase section */
		441E222A2C97194B0081192C /* Frameworks */ = {
			isa = PBXFrameworksBuildPhase;
			buildActionMask = 2147483647;
			files = (
				79036AC427C53126175FFA43 /* Pods_Pokemons.framework in Frameworks */,
			);
			runOnlyForDeploymentPostprocessing = 0;
		};
		441E22432C97194D0081192C /* Frameworks */ = {
			isa = PBXFrameworksBuildPhase;
			buildActionMask = 2147483647;
			files = (
				D3A59E2647261A5FA045CCA1 /* Pods_PokemonsTests.framework in Frameworks */,
			);
			runOnlyForDeploymentPostprocessing = 0;
		};
		441E224D2C97194D0081192C /* Frameworks */ = {
			isa = PBXFrameworksBuildPhase;
			buildActionMask = 2147483647;
			files = (
				0F964C9712EC688A2DEA202E /* Pods_Pokemons_PokemonsUITests.framework in Frameworks */,
			);
			runOnlyForDeploymentPostprocessing = 0;
		};
/* End PBXFrameworksBuildPhase section */

/* Begin PBXGroup section */
		07AC55F946764DBEFACE54A3 /* Frameworks */ = {
			isa = PBXGroup;
			children = (
				69ED1F1377827306B310AB29 /* Pods_Pokemons.framework */,
				34EE126D8A145024C096D9CE /* Pods_Pokemons_PokemonsUITests.framework */,
				EA439F55C3B2944823551AF1 /* Pods_PokemonsTests.framework */,
			);
			name = Frameworks;
			sourceTree = "<group>";
		};
		441E22242C97194B0081192C = {
			isa = PBXGroup;
			children = (
				441E228B2C9737200081192C /* APIService */,
				441E226D2C9730580081192C /* CoreData */,
				441E226C2C9730470081192C /* CoreDataService */,
				441E22652C97270F0081192C /* Cell */,
				441E22682C9729110081192C /* Pokemon */,
				441E222F2C97194B0081192C /* Pokemons */,
				441E22492C97194D0081192C /* PokemonsTests */,
				441E22532C97194D0081192C /* PokemonsUITests */,
				441E222E2C97194B0081192C /* Products */,
				552E5265D4A5598DF2EC6F77 /* Pods */,
				07AC55F946764DBEFACE54A3 /* Frameworks */,
			);
			sourceTree = "<group>";
		};
		441E222E2C97194B0081192C /* Products */ = {
			isa = PBXGroup;
			children = (
				441E222D2C97194B0081192C /* Pokemons.app */,
				441E22462C97194D0081192C /* PokemonsTests.xctest */,
				441E22502C97194D0081192C /* PokemonsUITests.xctest */,
			);
			name = Products;
			sourceTree = "<group>";
		};
		441E222F2C97194B0081192C /* Pokemons */ = {
			isa = PBXGroup;
			children = (
				441E22302C97194B0081192C /* AppDelegate.swift */,
				441E22322C97194B0081192C /* SceneDelegate.swift */,
				441E22362C97194B0081192C /* Main.storyboard */,
				441E223C2C97194D0081192C /* Assets.xcassets */,
				441E223E2C97194D0081192C /* LaunchScreen.storyboard */,
				441E22412C97194D0081192C /* Info.plist */,
				441E22392C97194B0081192C /* Pokemons.xcdatamodeld */,
			);
			path = Pokemons;
			sourceTree = "<group>";
		};
		441E22492C97194D0081192C /* PokemonsTests */ = {
			isa = PBXGroup;
			children = (
				441E224A2C97194D0081192C /* PokemonsTests.swift */,
			);
			path = PokemonsTests;
			sourceTree = "<group>";
		};
		441E22532C97194D0081192C /* PokemonsUITests */ = {
			isa = PBXGroup;
			children = (
				441E22542C97194D0081192C /* PokemonsUITests.swift */,
				441E22562C97194D0081192C /* PokemonsUITestsLaunchTests.swift */,
			);
			path = PokemonsUITests;
			sourceTree = "<group>";
		};
		441E22652C97270F0081192C /* Cell */ = {
			isa = PBXGroup;
			children = (
				441E22662C9727210081192C /* PokemonsCell.swift */,
			);
			name = Cell;
			sourceTree = "<group>";
		};
		441E22682C9729110081192C /* Pokemon */ = {
			isa = PBXGroup;
			children = (
				441E226B2C9729370081192C /* Coordinator */,
				441E226A2C97292D0081192C /* ViewModel */,
				441E22692C9729200081192C /* View */,
			);
			path = Pokemon;
			sourceTree = "<group>";
		};
		441E22692C9729200081192C /* View */ = {
			isa = PBXGroup;
			children = (
				441E22342C97194B0081192C /* PokemonsViewController.swift */,
			);
			path = View;
			sourceTree = "<group>";
		};
		441E226A2C97292D0081192C /* ViewModel */ = {
			isa = PBXGroup;
			children = (
			);
			path = ViewModel;
			sourceTree = "<group>";
		};
		441E226B2C9729370081192C /* Coordinator */ = {
			isa = PBXGroup;
			children = (
			);
			path = Coordinator;
			sourceTree = "<group>";
		};
		441E226C2C9730470081192C /* CoreDataService */ = {
			isa = PBXGroup;
			children = (
				441E22842C9736450081192C /* Struct */,
				441E22822C97310D0081192C /* CoreDateService.swift */,
			);
			path = CoreDataService;
			sourceTree = "<group>";
		};
		441E226D2C9730580081192C /* CoreData */ = {
			isa = PBXGroup;
			children = (
				441E22762C9730FE0081192C /* DescriptionPokemon+CoreDataClass.swift */,
				441E22772C9730FE0081192C /* DescriptionPokemon+CoreDataProperties.swift */,
				441E22782C9730FE0081192C /* UrlPokemon+CoreDataClass.swift */,
				441E22792C9730FE0081192C /* UrlPokemon+CoreDataProperties.swift */,
				441E227A2C9730FE0081192C /* ImagePokemon+CoreDataClass.swift */,
				441E227B2C9730FE0081192C /* ImagePokemon+CoreDataProperties.swift */,
			);
			path = CoreData;
			sourceTree = "<group>";
		};
		441E22842C9736450081192C /* Struct */ = {
			isa = PBXGroup;
			children = (
				441E22852C97365E0081192C /* UrlPokemonStruct.swift */,
				441E22872C97366B0081192C /* DecriptionPokemonStruct.swift */,
				441E22892C9736790081192C /* ErrorAPI.swift */,
			);
			path = Struct;
			sourceTree = "<group>";
		};
		441E228B2C9737200081192C /* APIService */ = {
			isa = PBXGroup;
			children = (
				441E228C2C9737440081192C /* APINamePokemon.swift */,
				441E228E2C97375D0081192C /* APIImage.swift */,
				441E22902C9737720081192C /* APIDecription.swift */,
			);
			path = APIService;
			sourceTree = "<group>";
		};
		552E5265D4A5598DF2EC6F77 /* Pods */ = {
			isa = PBXGroup;
			children = (
				174D39E044D833FC083BF4A3 /* Pods-Pokemons.debug.xcconfig */,
				D8B82AAD94AD9DE76CC7FEFE /* Pods-Pokemons.release.xcconfig */,
				EED3B3EE22C352F583E30810 /* Pods-Pokemons-PokemonsUITests.debug.xcconfig */,
				CC819D2CC84CF9E9DCA76C47 /* Pods-Pokemons-PokemonsUITests.release.xcconfig */,
				10F73CB5320F32E0CC0F563D /* Pods-PokemonsTests.debug.xcconfig */,
				F61264C677BBABB994DCC68E /* Pods-PokemonsTests.release.xcconfig */,
			);
			path = Pods;
			sourceTree = "<group>";
		};
/* End PBXGroup section */

/* Begin PBXNativeTarget section */
		441E222C2C97194B0081192C /* Pokemons */ = {
			isa = PBXNativeTarget;
			buildConfigurationList = 441E225A2C97194D0081192C /* Build configuration list for PBXNativeTarget "Pokemons" */;
			buildPhases = (
				95189ADEE20ED80CB6D3C336 /* [CP] Check Pods Manifest.lock */,
				441E22292C97194B0081192C /* Sources */,
				441E222A2C97194B0081192C /* Frameworks */,
				441E222B2C97194B0081192C /* Resources */,
				B7DFDA3367179B25660B572C /* [CP] Embed Pods Frameworks */,
			);
			buildRules = (
			);
			dependencies = (
			);
			name = Pokemons;
			productName = Pokemons;
			productReference = 441E222D2C97194B0081192C /* Pokemons.app */;
			productType = "com.apple.product-type.application";
		};
		441E22452C97194D0081192C /* PokemonsTests */ = {
			isa = PBXNativeTarget;
			buildConfigurationList = 441E225D2C97194D0081192C /* Build configuration list for PBXNativeTarget "PokemonsTests" */;
			buildPhases = (
				FE470220C1DB8895091FCC73 /* [CP] Check Pods Manifest.lock */,
				441E22422C97194D0081192C /* Sources */,
				441E22432C97194D0081192C /* Frameworks */,
				441E22442C97194D0081192C /* Resources */,
			);
			buildRules = (
			);
			dependencies = (
				441E22482C97194D0081192C /* PBXTargetDependency */,
			);
			name = PokemonsTests;
			productName = PokemonsTests;
			productReference = 441E22462C97194D0081192C /* PokemonsTests.xctest */;
			productType = "com.apple.product-type.bundle.unit-test";
		};
		441E224F2C97194D0081192C /* PokemonsUITests */ = {
			isa = PBXNativeTarget;
			buildConfigurationList = 441E22602C97194D0081192C /* Build configuration list for PBXNativeTarget "PokemonsUITests" */;
			buildPhases = (
				6B29DB5CA5A957BB018EEF77 /* [CP] Check Pods Manifest.lock */,
				441E224C2C97194D0081192C /* Sources */,
				441E224D2C97194D0081192C /* Frameworks */,
				441E224E2C97194D0081192C /* Resources */,
				0C883D937642CA8CA5C81A75 /* [CP] Embed Pods Frameworks */,
			);
			buildRules = (
			);
			dependencies = (
				441E22522C97194D0081192C /* PBXTargetDependency */,
			);
			name = PokemonsUITests;
			productName = PokemonsUITests;
			productReference = 441E22502C97194D0081192C /* PokemonsUITests.xctest */;
			productType = "com.apple.product-type.bundle.ui-testing";
		};
/* End PBXNativeTarget section */

/* Begin PBXProject section */
		441E22252C97194B0081192C /* Project object */ = {
			isa = PBXProject;
			attributes = {
				BuildIndependentTargetsInParallel = 1;
				LastSwiftUpdateCheck = 1540;
				LastUpgradeCheck = 1540;
				TargetAttributes = {
					441E222C2C97194B0081192C = {
						CreatedOnToolsVersion = 15.4;
					};
					441E22452C97194D0081192C = {
						CreatedOnToolsVersion = 15.4;
						TestTargetID = 441E222C2C97194B0081192C;
					};
					441E224F2C97194D0081192C = {
						CreatedOnToolsVersion = 15.4;
						TestTargetID = 441E222C2C97194B0081192C;
					};
				};
			};
			buildConfigurationList = 441E22282C97194B0081192C /* Build configuration list for PBXProject "Pokemons" */;
			compatibilityVersion = "Xcode 14.0";
			developmentRegion = en;
			hasScannedForEncodings = 0;
			knownRegions = (
				en,
				Base,
			);
			mainGroup = 441E22242C97194B0081192C;
			productRefGroup = 441E222E2C97194B0081192C /* Products */;
			projectDirPath = "";
			projectRoot = "";
			targets = (
				441E222C2C97194B0081192C /* Pokemons */,
				441E22452C97194D0081192C /* PokemonsTests */,
				441E224F2C97194D0081192C /* PokemonsUITests */,
			);
		};
/* End PBXProject section */

/* Begin PBXResourcesBuildPhase section */
		441E222B2C97194B0081192C /* Resources */ = {
			isa = PBXResourcesBuildPhase;
			buildActionMask = 2147483647;
			files = (
				441E223D2C97194D0081192C /* Assets.xcassets in Resources */,
				441E22402C97194D0081192C /* Base in Resources */,
				441E22382C97194B0081192C /* Base in Resources */,
			);
			runOnlyForDeploymentPostprocessing = 0;
		};
		441E22442C97194D0081192C /* Resources */ = {
			isa = PBXResourcesBuildPhase;
			buildActionMask = 2147483647;
			files = (
			);
			runOnlyForDeploymentPostprocessing = 0;
		};
		441E224E2C97194D0081192C /* Resources */ = {
			isa = PBXResourcesBuildPhase;
			buildActionMask = 2147483647;
			files = (
			);
			runOnlyForDeploymentPostprocessing = 0;
		};
/* End PBXResourcesBuildPhase section */

/* Begin PBXShellScriptBuildPhase section */
		0C883D937642CA8CA5C81A75 /* [CP] Embed Pods Frameworks */ = {
			isa = PBXShellScriptBuildPhase;
			buildActionMask = 2147483647;
			files = (
			);
			inputFileListPaths = (
				"${PODS_ROOT}/Target Support Files/Pods-Pokemons-PokemonsUITests/Pods-Pokemons-PokemonsUITests-frameworks-${CONFIGURATION}-input-files.xcfilelist",
			);
			name = "[CP] Embed Pods Frameworks";
			outputFileListPaths = (
				"${PODS_ROOT}/Target Support Files/Pods-Pokemons-PokemonsUITests/Pods-Pokemons-PokemonsUITests-frameworks-${CONFIGURATION}-output-files.xcfilelist",
			);
			runOnlyForDeploymentPostprocessing = 0;
			shellPath = /bin/sh;
			shellScript = "\"${PODS_ROOT}/Target Support Files/Pods-Pokemons-PokemonsUITests/Pods-Pokemons-PokemonsUITests-frameworks.sh\"\n";
			showEnvVarsInLog = 0;
		};
		6B29DB5CA5A957BB018EEF77 /* [CP] Check Pods Manifest.lock */ = {
			isa = PBXShellScriptBuildPhase;
			buildActionMask = 2147483647;
			files = (
			);
			inputFileListPaths = (
			);
			inputPaths = (
				"${PODS_PODFILE_DIR_PATH}/Podfile.lock",
				"${PODS_ROOT}/Manifest.lock",
			);
			name = "[CP] Check Pods Manifest.lock";
			outputFileListPaths = (
			);
			outputPaths = (
				"$(DERIVED_FILE_DIR)/Pods-Pokemons-PokemonsUITests-checkManifestLockResult.txt",
			);
			runOnlyForDeploymentPostprocessing = 0;
			shellPath = /bin/sh;
			shellScript = "diff \"${PODS_PODFILE_DIR_PATH}/Podfile.lock\" \"${PODS_ROOT}/Manifest.lock\" > /dev/null\nif [ $? != 0 ] ; then\n    # print error to STDERR\n    echo \"error: The sandbox is not in sync with the Podfile.lock. Run 'pod install' or update your CocoaPods installation.\" >&2\n    exit 1\nfi\n# This output is used by Xcode 'outputs' to avoid re-running this script phase.\necho \"SUCCESS\" > \"${SCRIPT_OUTPUT_FILE_0}\"\n";
			showEnvVarsInLog = 0;
		};
		95189ADEE20ED80CB6D3C336 /* [CP] Check Pods Manifest.lock */ = {
			isa = PBXShellScriptBuildPhase;
			buildActionMask = 2147483647;
			files = (
			);
			inputFileListPaths = (
			);
			inputPaths = (
				"${PODS_PODFILE_DIR_PATH}/Podfile.lock",
				"${PODS_ROOT}/Manifest.lock",
			);
			name = "[CP] Check Pods Manifest.lock";
			outputFileListPaths = (
			);
			outputPaths = (
				"$(DERIVED_FILE_DIR)/Pods-Pokemons-checkManifestLockResult.txt",
			);
			runOnlyForDeploymentPostprocessing = 0;
			shellPath = /bin/sh;
			shellScript = "diff \"${PODS_PODFILE_DIR_PATH}/Podfile.lock\" \"${PODS_ROOT}/Manifest.lock\" > /dev/null\nif [ $? != 0 ] ; then\n    # print error to STDERR\n    echo \"error: The sandbox is not in sync with the Podfile.lock. Run 'pod install' or update your CocoaPods installation.\" >&2\n    exit 1\nfi\n# This output is used by Xcode 'outputs' to avoid re-running this script phase.\necho \"SUCCESS\" > \"${SCRIPT_OUTPUT_FILE_0}\"\n";
			showEnvVarsInLog = 0;
		};
		B7DFDA3367179B25660B572C /* [CP] Embed Pods Frameworks */ = {
			isa = PBXShellScriptBuildPhase;
			buildActionMask = 2147483647;
			files = (
			);
			inputFileListPaths = (
				"${PODS_ROOT}/Target Support Files/Pods-Pokemons/Pods-Pokemons-frameworks-${CONFIGURATION}-input-files.xcfilelist",
			);
			name = "[CP] Embed Pods Frameworks";
			outputFileListPaths = (
				"${PODS_ROOT}/Target Support Files/Pods-Pokemons/Pods-Pokemons-frameworks-${CONFIGURATION}-output-files.xcfilelist",
			);
			runOnlyForDeploymentPostprocessing = 0;
			shellPath = /bin/sh;
			shellScript = "\"${PODS_ROOT}/Target Support Files/Pods-Pokemons/Pods-Pokemons-frameworks.sh\"\n";
			showEnvVarsInLog = 0;
		};
		FE470220C1DB8895091FCC73 /* [CP] Check Pods Manifest.lock */ = {
			isa = PBXShellScriptBuildPhase;
			buildActionMask = 2147483647;
			files = (
			);
			inputFileListPaths = (
			);
			inputPaths = (
				"${PODS_PODFILE_DIR_PATH}/Podfile.lock",
				"${PODS_ROOT}/Manifest.lock",
			);
			name = "[CP] Check Pods Manifest.lock";
			outputFileListPaths = (
			);
			outputPaths = (
				"$(DERIVED_FILE_DIR)/Pods-PokemonsTests-checkManifestLockResult.txt",
			);
			runOnlyForDeploymentPostprocessing = 0;
			shellPath = /bin/sh;
			shellScript = "diff \"${PODS_PODFILE_DIR_PATH}/Podfile.lock\" \"${PODS_ROOT}/Manifest.lock\" > /dev/null\nif [ $? != 0 ] ; then\n    # print error to STDERR\n    echo \"error: The sandbox is not in sync with the Podfile.lock. Run 'pod install' or update your CocoaPods installation.\" >&2\n    exit 1\nfi\n# This output is used by Xcode 'outputs' to avoid re-running this script phase.\necho \"SUCCESS\" > \"${SCRIPT_OUTPUT_FILE_0}\"\n";
			showEnvVarsInLog = 0;
		};
/* End PBXShellScriptBuildPhase section */

/* Begin PBXSourcesBuildPhase section */
		441E22292C97194B0081192C /* Sources */ = {
			isa = PBXSourcesBuildPhase;
			buildActionMask = 2147483647;
			files = (
				441E22352C97194B0081192C /* PokemonsViewController.swift in Sources */,
				441E22862C97365E0081192C /* UrlPokemonStruct.swift in Sources */,
				441E223B2C97194B0081192C /* Pokemons.xcdatamodeld in Sources */,
				441E228D2C9737440081192C /* APINamePokemon.swift in Sources */,
				441E22312C97194B0081192C /* AppDelegate.swift in Sources */,
				441E22672C9727210081192C /* PokemonsCell.swift in Sources */,
				441E22882C97366B0081192C /* DecriptionPokemonStruct.swift in Sources */,
				441E22832C97310D0081192C /* CoreDateService.swift in Sources */,
				441E22332C97194B0081192C /* SceneDelegate.swift in Sources */,
				441E227C2C9730FE0081192C /* DescriptionPokemon+CoreDataClass.swift in Sources */,
				441E227D2C9730FE0081192C /* DescriptionPokemon+CoreDataProperties.swift in Sources */,
				441E227E2C9730FE0081192C /* UrlPokemon+CoreDataClass.swift in Sources */,
				441E227F2C9730FE0081192C /* UrlPokemon+CoreDataProperties.swift in Sources */,
				441E228F2C97375D0081192C /* APIImage.swift in Sources */,
				441E22802C9730FE0081192C /* ImagePokemon+CoreDataClass.swift in Sources */,
				441E228A2C9736790081192C /* ErrorAPI.swift in Sources */,
				441E22812C9730FE0081192C /* ImagePokemon+CoreDataProperties.swift in Sources */,
				441E22912C9737720081192C /* APIDecription.swift in Sources */,
			);
			runOnlyForDeploymentPostprocessing = 0;
		};
		441E22422C97194D0081192C /* Sources */ = {
			isa = PBXSourcesBuildPhase;
			buildActionMask = 2147483647;
			files = (
				441E224B2C97194D0081192C /* PokemonsTests.swift in Sources */,
			);
			runOnlyForDeploymentPostprocessing = 0;
		};
		441E224C2C97194D0081192C /* Sources */ = {
			isa = PBXSourcesBuildPhase;
			buildActionMask = 2147483647;
			files = (
				441E22572C97194D0081192C /* PokemonsUITestsLaunchTests.swift in Sources */,
				441E22552C97194D0081192C /* PokemonsUITests.swift in Sources */,
			);
			runOnlyForDeploymentPostprocessing = 0;
		};
/* End PBXSourcesBuildPhase section */

/* Begin PBXTargetDependency section */
		441E22482C97194D0081192C /* PBXTargetDependency */ = {
			isa = PBXTargetDependency;
			target = 441E222C2C97194B0081192C /* Pokemons */;
			targetProxy = 441E22472C97194D0081192C /* PBXContainerItemProxy */;
		};
		441E22522C97194D0081192C /* PBXTargetDependency */ = {
			isa = PBXTargetDependency;
			target = 441E222C2C97194B0081192C /* Pokemons */;
			targetProxy = 441E22512C97194D0081192C /* PBXContainerItemProxy */;
		};
/* End PBXTargetDependency section */

/* Begin PBXVariantGroup section */
		441E22362C97194B0081192C /* Main.storyboard */ = {
			isa = PBXVariantGroup;
			children = (
				441E22372C97194B0081192C /* Base */,
			);
			name = Main.storyboard;
			sourceTree = "<group>";
		};
		441E223E2C97194D0081192C /* LaunchScreen.storyboard */ = {
			isa = PBXVariantGroup;
			children = (
				441E223F2C97194D0081192C /* Base */,
			);
			name = LaunchScreen.storyboard;
			sourceTree = "<group>";
		};
/* End PBXVariantGroup section */

/* Begin XCBuildConfiguration section */
		441E22582C97194D0081192C /* Debug */ = {
			isa = XCBuildConfiguration;
			buildSettings = {
				ALWAYS_SEARCH_USER_PATHS = NO;
				ASSETCATALOG_COMPILER_GENERATE_SWIFT_ASSET_SYMBOL_EXTENSIONS = YES;
				CLANG_ANALYZER_NONNULL = YES;
				CLANG_ANALYZER_NUMBER_OBJECT_CONVERSION = YES_AGGRESSIVE;
				CLANG_CXX_LANGUAGE_STANDARD = "gnu++20";
				CLANG_ENABLE_MODULES = YES;
				CLANG_ENABLE_OBJC_ARC = YES;
				CLANG_ENABLE_OBJC_WEAK = YES;
				CLANG_WARN_BLOCK_CAPTURE_AUTORELEASING = YES;
				CLANG_WARN_BOOL_CONVERSION = YES;
				CLANG_WARN_COMMA = YES;
				CLANG_WARN_CONSTANT_CONVERSION = YES;
				CLANG_WARN_DEPRECATED_OBJC_IMPLEMENTATIONS = YES;
				CLANG_WARN_DIRECT_OBJC_ISA_USAGE = YES_ERROR;
				CLANG_WARN_DOCUMENTATION_COMMENTS = YES;
				CLANG_WARN_EMPTY_BODY = YES;
				CLANG_WARN_ENUM_CONVERSION = YES;
				CLANG_WARN_INFINITE_RECURSION = YES;
				CLANG_WARN_INT_CONVERSION = YES;
				CLANG_WARN_NON_LITERAL_NULL_CONVERSION = YES;
				CLANG_WARN_OBJC_IMPLICIT_RETAIN_SELF = YES;
				CLANG_WARN_OBJC_LITERAL_CONVERSION = YES;
				CLANG_WARN_OBJC_ROOT_CLASS = YES_ERROR;
				CLANG_WARN_QUOTED_INCLUDE_IN_FRAMEWORK_HEADER = YES;
				CLANG_WARN_RANGE_LOOP_ANALYSIS = YES;
				CLANG_WARN_STRICT_PROTOTYPES = YES;
				CLANG_WARN_SUSPICIOUS_MOVE = YES;
				CLANG_WARN_UNGUARDED_AVAILABILITY = YES_AGGRESSIVE;
				CLANG_WARN_UNREACHABLE_CODE = YES;
				CLANG_WARN__DUPLICATE_METHOD_MATCH = YES;
				COPY_PHASE_STRIP = NO;
				DEBUG_INFORMATION_FORMAT = dwarf;
				ENABLE_STRICT_OBJC_MSGSEND = YES;
				ENABLE_TESTABILITY = YES;
				ENABLE_USER_SCRIPT_SANDBOXING = YES;
				GCC_C_LANGUAGE_STANDARD = gnu17;
				GCC_DYNAMIC_NO_PIC = NO;
				GCC_NO_COMMON_BLOCKS = YES;
				GCC_OPTIMIZATION_LEVEL = 0;
				GCC_PREPROCESSOR_DEFINITIONS = (
					"DEBUG=1",
					"$(inherited)",
				);
				GCC_WARN_64_TO_32_BIT_CONVERSION = YES;
				GCC_WARN_ABOUT_RETURN_TYPE = YES_ERROR;
				GCC_WARN_UNDECLARED_SELECTOR = YES;
				GCC_WARN_UNINITIALIZED_AUTOS = YES_AGGRESSIVE;
				GCC_WARN_UNUSED_FUNCTION = YES;
				GCC_WARN_UNUSED_VARIABLE = YES;
				IPHONEOS_DEPLOYMENT_TARGET = 17.5;
				LOCALIZATION_PREFERS_STRING_CATALOGS = YES;
				MTL_ENABLE_DEBUG_INFO = INCLUDE_SOURCE;
				MTL_FAST_MATH = YES;
				ONLY_ACTIVE_ARCH = YES;
				SDKROOT = iphoneos;
				SWIFT_ACTIVE_COMPILATION_CONDITIONS = "DEBUG $(inherited)";
				SWIFT_OPTIMIZATION_LEVEL = "-Onone";
			};
			name = Debug;
		};
		441E22592C97194D0081192C /* Release */ = {
			isa = XCBuildConfiguration;
			buildSettings = {
				ALWAYS_SEARCH_USER_PATHS = NO;
				ASSETCATALOG_COMPILER_GENERATE_SWIFT_ASSET_SYMBOL_EXTENSIONS = YES;
				CLANG_ANALYZER_NONNULL = YES;
				CLANG_ANALYZER_NUMBER_OBJECT_CONVERSION = YES_AGGRESSIVE;
				CLANG_CXX_LANGUAGE_STANDARD = "gnu++20";
				CLANG_ENABLE_MODULES = YES;
				CLANG_ENABLE_OBJC_ARC = YES;
				CLANG_ENABLE_OBJC_WEAK = YES;
				CLANG_WARN_BLOCK_CAPTURE_AUTORELEASING = YES;
				CLANG_WARN_BOOL_CONVERSION = YES;
				CLANG_WARN_COMMA = YES;
				CLANG_WARN_CONSTANT_CONVERSION = YES;
				CLANG_WARN_DEPRECATED_OBJC_IMPLEMENTATIONS = YES;
				CLANG_WARN_DIRECT_OBJC_ISA_USAGE = YES_ERROR;
				CLANG_WARN_DOCUMENTATION_COMMENTS = YES;
				CLANG_WARN_EMPTY_BODY = YES;
				CLANG_WARN_ENUM_CONVERSION = YES;
				CLANG_WARN_INFINITE_RECURSION = YES;
				CLANG_WARN_INT_CONVERSION = YES;
				CLANG_WARN_NON_LITERAL_NULL_CONVERSION = YES;
				CLANG_WARN_OBJC_IMPLICIT_RETAIN_SELF = YES;
				CLANG_WARN_OBJC_LITERAL_CONVERSION = YES;
				CLANG_WARN_OBJC_ROOT_CLASS = YES_ERROR;
				CLANG_WARN_QUOTED_INCLUDE_IN_FRAMEWORK_HEADER = YES;
				CLANG_WARN_RANGE_LOOP_ANALYSIS = YES;
				CLANG_WARN_STRICT_PROTOTYPES = YES;
				CLANG_WARN_SUSPICIOUS_MOVE = YES;
				CLANG_WARN_UNGUARDED_AVAILABILITY = YES_AGGRESSIVE;
				CLANG_WARN_UNREACHABLE_CODE = YES;
				CLANG_WARN__DUPLICATE_METHOD_MATCH = YES;
				COPY_PHASE_STRIP = NO;
				DEBUG_INFORMATION_FORMAT = "dwarf-with-dsym";
				ENABLE_NS_ASSERTIONS = NO;
				ENABLE_STRICT_OBJC_MSGSEND = YES;
				ENABLE_USER_SCRIPT_SANDBOXING = YES;
				GCC_C_LANGUAGE_STANDARD = gnu17;
				GCC_NO_COMMON_BLOCKS = YES;
				GCC_WARN_64_TO_32_BIT_CONVERSION = YES;
				GCC_WARN_ABOUT_RETURN_TYPE = YES_ERROR;
				GCC_WARN_UNDECLARED_SELECTOR = YES;
				GCC_WARN_UNINITIALIZED_AUTOS = YES_AGGRESSIVE;
				GCC_WARN_UNUSED_FUNCTION = YES;
				GCC_WARN_UNUSED_VARIABLE = YES;
				IPHONEOS_DEPLOYMENT_TARGET = 17.5;
				LOCALIZATION_PREFERS_STRING_CATALOGS = YES;
				MTL_ENABLE_DEBUG_INFO = NO;
				MTL_FAST_MATH = YES;
				SDKROOT = iphoneos;
				SWIFT_COMPILATION_MODE = wholemodule;
				VALIDATE_PRODUCT = YES;
			};
			name = Release;
		};
		441E225B2C97194D0081192C /* Debug */ = {
			isa = XCBuildConfiguration;
			baseConfigurationReference = 174D39E044D833FC083BF4A3 /* Pods-Pokemons.debug.xcconfig */;
			buildSettings = {
				ASSETCATALOG_COMPILER_APPICON_NAME = AppIcon;
				ASSETCATALOG_COMPILER_GLOBAL_ACCENT_COLOR_NAME = AccentColor;
				CODE_SIGN_STYLE = Automatic;
				CURRENT_PROJECT_VERSION = 1;
				DEVELOPMENT_TEAM = PY73C3VN2Q;
				GENERATE_INFOPLIST_FILE = YES;
				INFOPLIST_FILE = Pokemons/Info.plist;
				INFOPLIST_KEY_UIApplicationSupportsIndirectInputEvents = YES;
				INFOPLIST_KEY_UILaunchStoryboardName = LaunchScreen;
				INFOPLIST_KEY_UIMainStoryboardFile = Main;
				INFOPLIST_KEY_UISupportedInterfaceOrientations_iPad = "UIInterfaceOrientationPortrait UIInterfaceOrientationPortraitUpsideDown UIInterfaceOrientationLandscapeLeft UIInterfaceOrientationLandscapeRight";
				INFOPLIST_KEY_UISupportedInterfaceOrientations_iPhone = "UIInterfaceOrientationPortrait UIInterfaceOrientationLandscapeLeft UIInterfaceOrientationLandscapeRight";
				LD_RUNPATH_SEARCH_PATHS = (
					"$(inherited)",
					"@executable_path/Frameworks",
				);
				MARKETING_VERSION = 1.0;
				PRODUCT_BUNDLE_IDENTIFIER = nikitoss.Pokemons;
				PRODUCT_NAME = "$(TARGET_NAME)";
				SWIFT_EMIT_LOC_STRINGS = YES;
				SWIFT_VERSION = 5.0;
				TARGETED_DEVICE_FAMILY = "1,2";
			};
			name = Debug;
		};
		441E225C2C97194D0081192C /* Release */ = {
			isa = XCBuildConfiguration;
			baseConfigurationReference = D8B82AAD94AD9DE76CC7FEFE /* Pods-Pokemons.release.xcconfig */;
			buildSettings = {
				ASSETCATALOG_COMPILER_APPICON_NAME = AppIcon;
				ASSETCATALOG_COMPILER_GLOBAL_ACCENT_COLOR_NAME = AccentColor;
				CODE_SIGN_STYLE = Automatic;
				CURRENT_PROJECT_VERSION = 1;
				DEVELOPMENT_TEAM = PY73C3VN2Q;
				GENERATE_INFOPLIST_FILE = YES;
				INFOPLIST_FILE = Pokemons/Info.plist;
				INFOPLIST_KEY_UIApplicationSupportsIndirectInputEvents = YES;
				INFOPLIST_KEY_UILaunchStoryboardName = LaunchScreen;
				INFOPLIST_KEY_UIMainStoryboardFile = Main;
				INFOPLIST_KEY_UISupportedInterfaceOrientations_iPad = "UIInterfaceOrientationPortrait UIInterfaceOrientationPortraitUpsideDown UIInterfaceOrientationLandscapeLeft UIInterfaceOrientationLandscapeRight";
				INFOPLIST_KEY_UISupportedInterfaceOrientations_iPhone = "UIInterfaceOrientationPortrait UIInterfaceOrientationLandscapeLeft UIInterfaceOrientationLandscapeRight";
				LD_RUNPATH_SEARCH_PATHS = (
					"$(inherited)",
					"@executable_path/Frameworks",
				);
				MARKETING_VERSION = 1.0;
				PRODUCT_BUNDLE_IDENTIFIER = nikitoss.Pokemons;
				PRODUCT_NAME = "$(TARGET_NAME)";
				SWIFT_EMIT_LOC_STRINGS = YES;
				SWIFT_VERSION = 5.0;
				TARGETED_DEVICE_FAMILY = "1,2";
			};
			name = Release;
		};
		441E225E2C97194D0081192C /* Debug */ = {
			isa = XCBuildConfiguration;
			baseConfigurationReference = 10F73CB5320F32E0CC0F563D /* Pods-PokemonsTests.debug.xcconfig */;
			buildSettings = {
				ALWAYS_EMBED_SWIFT_STANDARD_LIBRARIES = YES;
				BUNDLE_LOADER = "$(TEST_HOST)";
				CODE_SIGN_STYLE = Automatic;
				CURRENT_PROJECT_VERSION = 1;
				DEVELOPMENT_TEAM = PY73C3VN2Q;
				GENERATE_INFOPLIST_FILE = YES;
				IPHONEOS_DEPLOYMENT_TARGET = 17.5;
				MARKETING_VERSION = 1.0;
				PRODUCT_BUNDLE_IDENTIFIER = nikitoss.PokemonsTests;
				PRODUCT_NAME = "$(TARGET_NAME)";
				SWIFT_EMIT_LOC_STRINGS = NO;
				SWIFT_VERSION = 5.0;
				TARGETED_DEVICE_FAMILY = "1,2";
				TEST_HOST = "$(BUILT_PRODUCTS_DIR)/Pokemons.app/$(BUNDLE_EXECUTABLE_FOLDER_PATH)/Pokemons";
			};
			name = Debug;
		};
		441E225F2C97194D0081192C /* Release */ = {
			isa = XCBuildConfiguration;
			baseConfigurationReference = F61264C677BBABB994DCC68E /* Pods-PokemonsTests.release.xcconfig */;
			buildSettings = {
				ALWAYS_EMBED_SWIFT_STANDARD_LIBRARIES = YES;
				BUNDLE_LOADER = "$(TEST_HOST)";
				CODE_SIGN_STYLE = Automatic;
				CURRENT_PROJECT_VERSION = 1;
				DEVELOPMENT_TEAM = PY73C3VN2Q;
				GENERATE_INFOPLIST_FILE = YES;
				IPHONEOS_DEPLOYMENT_TARGET = 17.5;
				MARKETING_VERSION = 1.0;
				PRODUCT_BUNDLE_IDENTIFIER = nikitoss.PokemonsTests;
				PRODUCT_NAME = "$(TARGET_NAME)";
				SWIFT_EMIT_LOC_STRINGS = NO;
				SWIFT_VERSION = 5.0;
				TARGETED_DEVICE_FAMILY = "1,2";
				TEST_HOST = "$(BUILT_PRODUCTS_DIR)/Pokemons.app/$(BUNDLE_EXECUTABLE_FOLDER_PATH)/Pokemons";
			};
			name = Release;
		};
		441E22612C97194D0081192C /* Debug */ = {
			isa = XCBuildConfiguration;
			baseConfigurationReference = EED3B3EE22C352F583E30810 /* Pods-Pokemons-PokemonsUITests.debug.xcconfig */;
			buildSettings = {
				ALWAYS_EMBED_SWIFT_STANDARD_LIBRARIES = YES;
				CODE_SIGN_STYLE = Automatic;
				CURRENT_PROJECT_VERSION = 1;
				DEVELOPMENT_TEAM = PY73C3VN2Q;
				GENERATE_INFOPLIST_FILE = YES;
				MARKETING_VERSION = 1.0;
				PRODUCT_BUNDLE_IDENTIFIER = nikitoss.PokemonsUITests;
				PRODUCT_NAME = "$(TARGET_NAME)";
				SWIFT_EMIT_LOC_STRINGS = NO;
				SWIFT_VERSION = 5.0;
				TARGETED_DEVICE_FAMILY = "1,2";
				TEST_TARGET_NAME = Pokemons;
			};
			name = Debug;
		};
		441E22622C97194D0081192C /* Release */ = {
			isa = XCBuildConfiguration;
			baseConfigurationReference = CC819D2CC84CF9E9DCA76C47 /* Pods-Pokemons-PokemonsUITests.release.xcconfig */;
			buildSettings = {
				ALWAYS_EMBED_SWIFT_STANDARD_LIBRARIES = YES;
				CODE_SIGN_STYLE = Automatic;
				CURRENT_PROJECT_VERSION = 1;
				DEVELOPMENT_TEAM = PY73C3VN2Q;
				GENERATE_INFOPLIST_FILE = YES;
				MARKETING_VERSION = 1.0;
				PRODUCT_BUNDLE_IDENTIFIER = nikitoss.PokemonsUITests;
				PRODUCT_NAME = "$(TARGET_NAME)";
				SWIFT_EMIT_LOC_STRINGS = NO;
				SWIFT_VERSION = 5.0;
				TARGETED_DEVICE_FAMILY = "1,2";
				TEST_TARGET_NAME = Pokemons;
			};
			name = Release;
		};
/* End XCBuildConfiguration section */

/* Begin XCConfigurationList section */
		441E22282C97194B0081192C /* Build configuration list for PBXProject "Pokemons" */ = {
			isa = XCConfigurationList;
			buildConfigurations = (
				441E22582C97194D0081192C /* Debug */,
				441E22592C97194D0081192C /* Release */,
			);
			defaultConfigurationIsVisible = 0;
			defaultConfigurationName = Release;
		};
		441E225A2C97194D0081192C /* Build configuration list for PBXNativeTarget "Pokemons" */ = {
			isa = XCConfigurationList;
			buildConfigurations = (
				441E225B2C97194D0081192C /* Debug */,
				441E225C2C97194D0081192C /* Release */,
			);
			defaultConfigurationIsVisible = 0;
			defaultConfigurationName = Release;
		};
		441E225D2C97194D0081192C /* Build configuration list for PBXNativeTarget "PokemonsTests" */ = {
			isa = XCConfigurationList;
			buildConfigurations = (
				441E225E2C97194D0081192C /* Debug */,
				441E225F2C97194D0081192C /* Release */,
			);
			defaultConfigurationIsVisible = 0;
			defaultConfigurationName = Release;
		};
		441E22602C97194D0081192C /* Build configuration list for PBXNativeTarget "PokemonsUITests" */ = {
			isa = XCConfigurationList;
			buildConfigurations = (
				441E22612C97194D0081192C /* Debug */,
				441E22622C97194D0081192C /* Release */,
			);
			defaultConfigurationIsVisible = 0;
			defaultConfigurationName = Release;
		};
/* End XCConfigurationList section */

/* Begin XCVersionGroup section */
		441E22392C97194B0081192C /* Pokemons.xcdatamodeld */ = {
			isa = XCVersionGroup;
			children = (
				441E223A2C97194B0081192C /* Pokemons.xcdatamodel */,
			);
			currentVersion = 441E223A2C97194B0081192C /* Pokemons.xcdatamodel */;
			path = Pokemons.xcdatamodeld;
			sourceTree = "<group>";
			versionGroupType = wrapper.xcdatamodel;
		};
/* End XCVersionGroup section */
	};
	rootObject = 441E22252C97194B0081192C /* Project object */;
}
